
Microsoft Visual Studio Solution File, Format Version 12.00
# Visual Studio 2012
Project("{2150E333-8FDC-42A3-9474-1A3956D46DE8}") = "Core", "Core", "{0131C6C6-E027-4ED6-A482-E474F2B0918C}"
EndProject
Project("{2150E333-8FDC-42A3-9474-1A3956D46DE8}") = "Data", "Data", "{8D936272-08EF-402B-981A-98C608983352}"
EndProject
Project("{2150E333-8FDC-42A3-9474-1A3956D46DE8}") = "Data", "Data", "{5607FF42-3D0D-4061-BA3A-8C1C05028747}"
EndProject
Project("{2150E333-8FDC-42A3-9474-1A3956D46DE8}") = "Core", "Core", "{5C7DABFB-42F9-4E66-8048-54694078ACBC}"
EndProject
Project("{2150E333-8FDC-42A3-9474-1A3956D46DE8}") = "Test", "Test", "{1C2BD881-EB41-4F6C-B999-CF18D9F1F437}"
EndProject
Project("{FAE04EC0-301F-11D3-BF4B-00C04F79EFBC}") = "Logging", "Core\Data\Logging\Logging.csproj", "{28958A5D-C199-4B16-BFD5-9A525102302D}"
EndProject
Project("{FAE04EC0-301F-11D3-BF4B-00C04F79EFBC}") = "Logging", "Data\Core\Logging\Logging.csproj", "{022D2A29-A66C-48E5-B6B2-1031742E239B}"
EndProject
Project("{FAE04EC0-301F-11D3-BF4B-00C04F79EFBC}") = "Renegade", "Test\Renegade\Renegade.csproj", "{6E9F1193-0C69-4F43-B816-FB25E7CBB016}"
EndProject
Project("{00D1A9C2-B5F0-4AF3-8072-F6C62B433612}") = "DB", "Data\DB\DB.sqlproj", "{92D319B3-413A-4FD7-B237-C1508B13E1D9}"
EndProject
Project("{2150E333-8FDC-42A3-9474-1A3956D46DE8}") = "WwW", "WwW", "{671F260D-C8CB-4FD6-A367-67FD464C7CB0}"
EndProject
Project("{2150E333-8FDC-42A3-9474-1A3956D46DE8}") = "Core", "Core", "{3A0EDCFD-0B77-4CE7-AD06-282A172692C0}"
EndProject
Project("{2150E333-8FDC-42A3-9474-1A3956D46DE8}") = "WCF", "WCF", "{0F013D6D-B5EF-40C7-A85D-431BF45508C5}"
EndProject
Project("{2150E333-8FDC-42A3-9474-1A3956D46DE8}") = "WAP", "WAP", "{D5A93CCD-32F5-40FE-B7E4-0D726DB9E909}"
EndProject
Project("{FAE04EC0-301F-11D3-BF4B-00C04F79EFBC}") = "Core", "WwW\Core\WCF\Core\Core.csproj", "{9CB6F569-B097-46CA-8EA6-395B796F9A54}"
EndProject
Project("{2150E333-8FDC-42A3-9474-1A3956D46DE8}") = "Services", "Services", "{0BEC95B4-C1F2-4BD7-BAFD-A0E8F532AFB5}"
EndProject
Project("{2150E333-8FDC-42A3-9474-1A3956D46DE8}") = "Data", "Data", "{332AE1B5-70E0-4EBA-8C57-08AC51357A13}"
EndProject
Project("{2150E333-8FDC-42A3-9474-1A3956D46DE8}") = "Edge", "Edge", "{8FD6C004-155F-4DF4-8B61-5D9B080C1DA6}"
EndProject
Project("{2150E333-8FDC-42A3-9474-1A3956D46DE8}") = "Implementation", "Implementation", "{AA257FEC-4E15-4BBA-8A1F-AA9BF32ECB5F}"
EndProject
Project("{2150E333-8FDC-42A3-9474-1A3956D46DE8}") = "Test", "Test", "{2323D4E0-752E-4069-A240-C19D58055991}"
EndProject
Project("{FAE04EC0-301F-11D3-BF4B-00C04F79EFBC}") = "Corn", "WwW\Edge\Corn\Corn.csproj", "{99E73E89-5939-4980-BD11-EB54C184D0EB}"
EndProject
Project("{FAE04EC0-301F-11D3-BF4B-00C04F79EFBC}") = "Compatability", "WwW\Implementation\Compatability\Compatability.csproj", "{DFB443F5-B4CA-43FD-8667-9FF00161D04C}"
EndProject
Project("{FAE04EC0-301F-11D3-BF4B-00C04F79EFBC}") = "BackEnd", "WwW\Test\BackEnd\BackEnd.csproj", "{E6145840-213C-4B39-9D0F-2A90F088A45E}"
EndProject
Global
	GlobalSection(SolutionConfigurationPlatforms) = preSolution
		Debug|Any CPU = Debug|Any CPU
		Release|Any CPU = Release|Any CPU
	EndGlobalSection
	GlobalSection(ProjectConfigurationPlatforms) = postSolution
		{28958A5D-C199-4B16-BFD5-9A525102302D}.Debug|Any CPU.ActiveCfg = Debug|Any CPU
		{28958A5D-C199-4B16-BFD5-9A525102302D}.Debug|Any CPU.Build.0 = Debug|Any CPU
		{28958A5D-C199-4B16-BFD5-9A525102302D}.Release|Any CPU.ActiveCfg = Release|Any CPU
		{28958A5D-C199-4B16-BFD5-9A525102302D}.Release|Any CPU.Build.0 = Release|Any CPU
		{022D2A29-A66C-48E5-B6B2-1031742E239B}.Debug|Any CPU.ActiveCfg = Debug|Any CPU
		{022D2A29-A66C-48E5-B6B2-1031742E239B}.Debug|Any CPU.Build.0 = Debug|Any CPU
		{022D2A29-A66C-48E5-B6B2-1031742E239B}.Release|Any CPU.ActiveCfg = Release|Any CPU
		{022D2A29-A66C-48E5-B6B2-1031742E239B}.Release|Any CPU.Build.0 = Release|Any CPU
		{6E9F1193-0C69-4F43-B816-FB25E7CBB016}.Debug|Any CPU.ActiveCfg = Debug|Any CPU
		{6E9F1193-0C69-4F43-B816-FB25E7CBB016}.Debug|Any CPU.Build.0 = Debug|Any CPU
		{6E9F1193-0C69-4F43-B816-FB25E7CBB016}.Release|Any CPU.ActiveCfg = Release|Any CPU
		{6E9F1193-0C69-4F43-B816-FB25E7CBB016}.Release|Any CPU.Build.0 = Release|Any CPU
		{92D319B3-413A-4FD7-B237-C1508B13E1D9}.Debug|Any CPU.ActiveCfg = Debug|Any CPU
		{92D319B3-413A-4FD7-B237-C1508B13E1D9}.Debug|Any CPU.Build.0 = Debug|Any CPU
		{92D319B3-413A-4FD7-B237-C1508B13E1D9}.Debug|Any CPU.Deploy.0 = Debug|Any CPU
		{92D319B3-413A-4FD7-B237-C1508B13E1D9}.Release|Any CPU.ActiveCfg = Release|Any CPU
		{92D319B3-413A-4FD7-B237-C1508B13E1D9}.Release|Any CPU.Build.0 = Release|Any CPU
		{92D319B3-413A-4FD7-B237-C1508B13E1D9}.Release|Any CPU.Deploy.0 = Release|Any CPU
		{9CB6F569-B097-46CA-8EA6-395B796F9A54}.Debug|Any CPU.ActiveCfg = Debug|Any CPU
		{9CB6F569-B097-46CA-8EA6-395B796F9A54}.Debug|Any CPU.Build.0 = Debug|Any CPU
		{9CB6F569-B097-46CA-8EA6-395B796F9A54}.Release|Any CPU.ActiveCfg = Release|Any CPU
		{9CB6F569-B097-46CA-8EA6-395B796F9A54}.Release|Any CPU.Build.0 = Release|Any CPU
		{99E73E89-5939-4980-BD11-EB54C184D0EB}.Debug|Any CPU.ActiveCfg = Debug|Any CPU
		{99E73E89-5939-4980-BD11-EB54C184D0EB}.Debug|Any CPU.Build.0 = Debug|Any CPU
		{99E73E89-5939-4980-BD11-EB54C184D0EB}.Release|Any CPU.ActiveCfg = Release|Any CPU
		{99E73E89-5939-4980-BD11-EB54C184D0EB}.Release|Any CPU.Build.0 = Release|Any CPU
		{DFB443F5-B4CA-43FD-8667-9FF00161D04C}.Debug|Any CPU.ActiveCfg = Debug|Any CPU
		{DFB443F5-B4CA-43FD-8667-9FF00161D04C}.Debug|Any CPU.Build.0 = Debug|Any CPU
		{DFB443F5-B4CA-43FD-8667-9FF00161D04C}.Release|Any CPU.ActiveCfg = Release|Any CPU
		{DFB443F5-B4CA-43FD-8667-9FF00161D04C}.Release|Any CPU.Build.0 = Release|Any CPU
		{E6145840-213C-4B39-9D0F-2A90F088A45E}.Debug|Any CPU.ActiveCfg = Debug|Any CPU
		{E6145840-213C-4B39-9D0F-2A90F088A45E}.Debug|Any CPU.Build.0 = Debug|Any CPU
		{E6145840-213C-4B39-9D0F-2A90F088A45E}.Release|Any CPU.ActiveCfg = Release|Any CPU
		{E6145840-213C-4B39-9D0F-2A90F088A45E}.Release|Any CPU.Build.0 = Release|Any CPU
	EndGlobalSection
	GlobalSection(SolutionProperties) = preSolution
		HideSolutionNode = FALSE
	EndGlobalSection
	GlobalSection(NestedProjects) = preSolution
		{8D936272-08EF-402B-981A-98C608983352} = {0131C6C6-E027-4ED6-A482-E474F2B0918C}
		{28958A5D-C199-4B16-BFD5-9A525102302D} = {8D936272-08EF-402B-981A-98C608983352}
		{5C7DABFB-42F9-4E66-8048-54694078ACBC} = {5607FF42-3D0D-4061-BA3A-8C1C05028747}
		{92D319B3-413A-4FD7-B237-C1508B13E1D9} = {5607FF42-3D0D-4061-BA3A-8C1C05028747}
		{022D2A29-A66C-48E5-B6B2-1031742E239B} = {5C7DABFB-42F9-4E66-8048-54694078ACBC}
		{6E9F1193-0C69-4F43-B816-FB25E7CBB016} = {1C2BD881-EB41-4F6C-B999-CF18D9F1F437}
		{3A0EDCFD-0B77-4CE7-AD06-282A172692C0} = {671F260D-C8CB-4FD6-A367-67FD464C7CB0}
		{332AE1B5-70E0-4EBA-8C57-08AC51357A13} = {671F260D-C8CB-4FD6-A367-67FD464C7CB0}
		{8FD6C004-155F-4DF4-8B61-5D9B080C1DA6} = {671F260D-C8CB-4FD6-A367-67FD464C7CB0}
		{AA257FEC-4E15-4BBA-8A1F-AA9BF32ECB5F} = {671F260D-C8CB-4FD6-A367-67FD464C7CB0}
		{2323D4E0-752E-4069-A240-C19D58055991} = {671F260D-C8CB-4FD6-A367-67FD464C7CB0}
		{0F013D6D-B5EF-40C7-A85D-431BF45508C5} = {3A0EDCFD-0B77-4CE7-AD06-282A172692C0}
		{D5A93CCD-32F5-40FE-B7E4-0D726DB9E909} = {3A0EDCFD-0B77-4CE7-AD06-282A172692C0}
		{9CB6F569-B097-46CA-8EA6-395B796F9A54} = {0F013D6D-B5EF-40C7-A85D-431BF45508C5}
		{99E73E89-5939-4980-BD11-EB54C184D0EB} = {8FD6C004-155F-4DF4-8B61-5D9B080C1DA6}
		{DFB443F5-B4CA-43FD-8667-9FF00161D04C} = {AA257FEC-4E15-4BBA-8A1F-AA9BF32ECB5F}
		{E6145840-213C-4B39-9D0F-2A90F088A45E} = {2323D4E0-752E-4069-A240-C19D58055991}
	EndGlobalSection
EndGlobal
